
Microsoft Visual Studio Solution File, Format Version 12.00
# Visual Studio Version 17
VisualStudioVersion = 17.3.32929.385
MinimumVisualStudioVersion = 10.0.40219.1
Project("{FAE04EC0-301F-11D3-BF4B-00C04F79EFBC}") = "Export_Service", "Export_Service\Export_Service.csproj", "{606F3B29-732C-4182-A472-DE40C647751D}"
EndProject
Global
	GlobalSection(SolutionConfigurationPlatforms) = preSolution
		Debug|Any CPU = Debug|Any CPU
		Release|Any CPU = Release|Any CPU
	EndGlobalSection
	GlobalSection(ProjectConfigurationPlatforms) = postSolution
		{606F3B29-732C-4182-A472-DE40C647751D}.Debug|Any CPU.ActiveCfg = Debug|Any CPU
		{606F3B29-732C-4182-A472-DE40C647751D}.Debug|Any CPU.Build.0 = Debug|Any CPU
		{606F3B29-732C-4182-A472-DE40C647751D}.Release|Any CPU.ActiveCfg = Release|Any CPU
		{606F3B29-732C-4182-A472-DE40C647751D}.Release|Any CPU.Build.0 = Release|Any CPU
	EndGlobalSection
	GlobalSection(SolutionProperties) = preSolution
		HideSolutionNode = FALSE
	EndGlobalSection
	GlobalSection(ExtensibilityGlobals) = postSolution
		SolutionGuid = {99E46A62-D8A5-4DF7-B61F-C8E6E53E3A67}
	EndGlobalSection
EndGlobal
